
Microsoft Visual Studio Solution File, Format Version 12.00
# Visual Studio 14
VisualStudioVersion = 14.0.25420.1
MinimumVisualStudioVersion = 10.0.40219.1
Project("{FAE04EC0-301F-11D3-BF4B-00C04F79EFBC}") = "UWP-beginner", "UWP-beginner\UWP-beginner.csproj", "{47A0A7F3-D392-4878-BC84-CB12AE5C73B8}"
EndProject
Project("{FAE04EC0-301F-11D3-BF4B-00C04F79EFBC}") = "UWP002-HelloWorld", "UWP02-HelloWorld\UWP002-HelloWorld.csproj", "{6ACA44B5-F2FB-4DC6-8E18-A7AB0CA89AF7}"
EndProject
Project("{FAE04EC0-301F-11D3-BF4B-00C04F79EFBC}") = "UWP004-WhatIsXAML", "UWP004-WhatIsXAML\UWP004-WhatIsXAML.csproj", "{6951C756-F56E-4328-BBA9-7E1214A3A42A}"
EndProject
Global
	GlobalSection(SolutionConfigurationPlatforms) = preSolution
		Debug|ARM = Debug|ARM
		Debug|x64 = Debug|x64
		Debug|x86 = Debug|x86
		Release|ARM = Release|ARM
		Release|x64 = Release|x64
		Release|x86 = Release|x86
	EndGlobalSection
	GlobalSection(ProjectConfigurationPlatforms) = postSolution
		{47A0A7F3-D392-4878-BC84-CB12AE5C73B8}.Debug|ARM.ActiveCfg = Debug|ARM
		{47A0A7F3-D392-4878-BC84-CB12AE5C73B8}.Debug|ARM.Build.0 = Debug|ARM
		{47A0A7F3-D392-4878-BC84-CB12AE5C73B8}.Debug|ARM.Deploy.0 = Debug|ARM
		{47A0A7F3-D392-4878-BC84-CB12AE5C73B8}.Debug|x64.ActiveCfg = Debug|x64
		{47A0A7F3-D392-4878-BC84-CB12AE5C73B8}.Debug|x64.Build.0 = Debug|x64
		{47A0A7F3-D392-4878-BC84-CB12AE5C73B8}.Debug|x64.Deploy.0 = Debug|x64
		{47A0A7F3-D392-4878-BC84-CB12AE5C73B8}.Debug|x86.ActiveCfg = Debug|x86
		{47A0A7F3-D392-4878-BC84-CB12AE5C73B8}.Debug|x86.Build.0 = Debug|x86
		{47A0A7F3-D392-4878-BC84-CB12AE5C73B8}.Debug|x86.Deploy.0 = Debug|x86
		{47A0A7F3-D392-4878-BC84-CB12AE5C73B8}.Release|ARM.ActiveCfg = Release|ARM
		{47A0A7F3-D392-4878-BC84-CB12AE5C73B8}.Release|ARM.Build.0 = Release|ARM
		{47A0A7F3-D392-4878-BC84-CB12AE5C73B8}.Release|ARM.Deploy.0 = Release|ARM
		{47A0A7F3-D392-4878-BC84-CB12AE5C73B8}.Release|x64.ActiveCfg = Release|x64
		{47A0A7F3-D392-4878-BC84-CB12AE5C73B8}.Release|x64.Build.0 = Release|x64
		{47A0A7F3-D392-4878-BC84-CB12AE5C73B8}.Release|x64.Deploy.0 = Release|x64
		{47A0A7F3-D392-4878-BC84-CB12AE5C73B8}.Release|x86.ActiveCfg = Release|x86
		{47A0A7F3-D392-4878-BC84-CB12AE5C73B8}.Release|x86.Build.0 = Release|x86
		{47A0A7F3-D392-4878-BC84-CB12AE5C73B8}.Release|x86.Deploy.0 = Release|x86
		{6ACA44B5-F2FB-4DC6-8E18-A7AB0CA89AF7}.Debug|ARM.ActiveCfg = Debug|ARM
		{6ACA44B5-F2FB-4DC6-8E18-A7AB0CA89AF7}.Debug|ARM.Build.0 = Debug|ARM
		{6ACA44B5-F2FB-4DC6-8E18-A7AB0CA89AF7}.Debug|ARM.Deploy.0 = Debug|ARM
		{6ACA44B5-F2FB-4DC6-8E18-A7AB0CA89AF7}.Debug|x64.ActiveCfg = Debug|x64
		{6ACA44B5-F2FB-4DC6-8E18-A7AB0CA89AF7}.Debug|x64.Build.0 = Debug|x64
		{6ACA44B5-F2FB-4DC6-8E18-A7AB0CA89AF7}.Debug|x64.Deploy.0 = Debug|x64
		{6ACA44B5-F2FB-4DC6-8E18-A7AB0CA89AF7}.Debug|x86.ActiveCfg = Debug|x86
		{6ACA44B5-F2FB-4DC6-8E18-A7AB0CA89AF7}.Debug|x86.Build.0 = Debug|x86
		{6ACA44B5-F2FB-4DC6-8E18-A7AB0CA89AF7}.Debug|x86.Deploy.0 = Debug|x86
		{6ACA44B5-F2FB-4DC6-8E18-A7AB0CA89AF7}.Release|ARM.ActiveCfg = Release|ARM
		{6ACA44B5-F2FB-4DC6-8E18-A7AB0CA89AF7}.Release|ARM.Build.0 = Release|ARM
		{6ACA44B5-F2FB-4DC6-8E18-A7AB0CA89AF7}.Release|ARM.Deploy.0 = Release|ARM
		{6ACA44B5-F2FB-4DC6-8E18-A7AB0CA89AF7}.Release|x64.ActiveCfg = Release|x64
		{6ACA44B5-F2FB-4DC6-8E18-A7AB0CA89AF7}.Release|x64.Build.0 = Release|x64
		{6ACA44B5-F2FB-4DC6-8E18-A7AB0CA89AF7}.Release|x64.Deploy.0 = Release|x64
		{6ACA44B5-F2FB-4DC6-8E18-A7AB0CA89AF7}.Release|x86.ActiveCfg = Release|x86
		{6ACA44B5-F2FB-4DC6-8E18-A7AB0CA89AF7}.Release|x86.Build.0 = Release|x86
		{6ACA44B5-F2FB-4DC6-8E18-A7AB0CA89AF7}.Release|x86.Deploy.0 = Release|x86
		{6951C756-F56E-4328-BBA9-7E1214A3A42A}.Debug|ARM.ActiveCfg = Debug|ARM
		{6951C756-F56E-4328-BBA9-7E1214A3A42A}.Debug|ARM.Build.0 = Debug|ARM
		{6951C756-F56E-4328-BBA9-7E1214A3A42A}.Debug|ARM.Deploy.0 = Debug|ARM
		{6951C756-F56E-4328-BBA9-7E1214A3A42A}.Debug|x64.ActiveCfg = Debug|x64
		{6951C756-F56E-4328-BBA9-7E1214A3A42A}.Debug|x64.Build.0 = Debug|x64
		{6951C756-F56E-4328-BBA9-7E1214A3A42A}.Debug|x64.Deploy.0 = Debug|x64
		{6951C756-F56E-4328-BBA9-7E1214A3A42A}.Debug|x86.ActiveCfg = Debug|x86
		{6951C756-F56E-4328-BBA9-7E1214A3A42A}.Debug|x86.Build.0 = Debug|x86
		{6951C756-F56E-4328-BBA9-7E1214A3A42A}.Debug|x86.Deploy.0 = Debug|x86
		{6951C756-F56E-4328-BBA9-7E1214A3A42A}.Release|ARM.ActiveCfg = Release|ARM
		{6951C756-F56E-4328-BBA9-7E1214A3A42A}.Release|ARM.Build.0 = Release|ARM
		{6951C756-F56E-4328-BBA9-7E1214A3A42A}.Release|ARM.Deploy.0 = Release|ARM
		{6951C756-F56E-4328-BBA9-7E1214A3A42A}.Release|x64.ActiveCfg = Release|x64
		{6951C756-F56E-4328-BBA9-7E1214A3A42A}.Release|x64.Build.0 = Release|x64
		{6951C756-F56E-4328-BBA9-7E1214A3A42A}.Release|x64.Deploy.0 = Release|x64
		{6951C756-F56E-4328-BBA9-7E1214A3A42A}.Release|x86.ActiveCfg = Release|x86
		{6951C756-F56E-4328-BBA9-7E1214A3A42A}.Release|x86.Build.0 = Release|x86
		{6951C756-F56E-4328-BBA9-7E1214A3A42A}.Release|x86.Deploy.0 = Release|x86
	EndGlobalSection
	GlobalSection(SolutionProperties) = preSolution
		HideSolutionNode = FALSE
	EndGlobalSection
EndGlobal
